
Microsoft Visual Studio Solution File, Format Version 12.00
# Visual Studio Version 16
VisualStudioVersion = 16.0.29230.47
MinimumVisualStudioVersion = 10.0.40219.1
Project("{9A19103F-16F7-4668-BE54-9A1E7A4F7556}") = "FaktureringAPI", "FaktureringAPI\FaktureringAPI.csproj", "{641A3591-7ACD-46C6-B14B-4CBC0C939255}"
EndProject
Project("{FAE04EC0-301F-11D3-BF4B-00C04F79EFBC}") = "FaktureringTests", "FaktureringTests\FaktureringTests.csproj", "{5EBE21F3-BBE3-4A2B-9E27-FC89DA7208E5}"
EndProject
Global
	GlobalSection(SolutionConfigurationPlatforms) = preSolution
		Debug|Any CPU = Debug|Any CPU
		Release|Any CPU = Release|Any CPU
	EndGlobalSection
	GlobalSection(ProjectConfigurationPlatforms) = postSolution
		{641A3591-7ACD-46C6-B14B-4CBC0C939255}.Debug|Any CPU.ActiveCfg = Debug|Any CPU
		{641A3591-7ACD-46C6-B14B-4CBC0C939255}.Debug|Any CPU.Build.0 = Debug|Any CPU
		{641A3591-7ACD-46C6-B14B-4CBC0C939255}.Release|Any CPU.ActiveCfg = Release|Any CPU
		{641A3591-7ACD-46C6-B14B-4CBC0C939255}.Release|Any CPU.Build.0 = Release|Any CPU
		{5EBE21F3-BBE3-4A2B-9E27-FC89DA7208E5}.Debug|Any CPU.ActiveCfg = Debug|Any CPU
		{5EBE21F3-BBE3-4A2B-9E27-FC89DA7208E5}.Debug|Any CPU.Build.0 = Debug|Any CPU
		{5EBE21F3-BBE3-4A2B-9E27-FC89DA7208E5}.Release|Any CPU.ActiveCfg = Release|Any CPU
		{5EBE21F3-BBE3-4A2B-9E27-FC89DA7208E5}.Release|Any CPU.Build.0 = Release|Any CPU
	EndGlobalSection
	GlobalSection(SolutionProperties) = preSolution
		HideSolutionNode = FALSE
	EndGlobalSection
	GlobalSection(ExtensibilityGlobals) = postSolution
		SolutionGuid = {E90DE845-8398-4772-9A18-94322525846F}
	EndGlobalSection
EndGlobal
